# This file is autogenerated, do not edit; changes may be undone by the next 'dep ensure'.


[[projects]]
  name = "gopkg.in/fatih/set.v0"
  packages = ["."]
  revision = "2c768e3c5489976167bfc42b5c7c92ca783f4389"
  version = "v0.2.1"

[solve-meta]
  analyzer-name = "dep"
  analyzer-version = 1
  inputs-digest = "28a0cd4892030747ef32491690504a3423a9288096480668199683a1a99666ca"
  solver-name = "gps-cdcl"
  solver-version = 1
